{
  "name": "miniprogram",
  "lockfileVersion": 2,
  "requires": true,
  "packages": {
    "": {
      "dependencies": {
        "@rojer/katex-mini": "^1.3.1",
        "katex": "^0.16.22"
      }
    },
    "node_modules/@rojer/katex-mini": {
      "version": "1.3.1",
      "resolved": "https://registry.npmmirror.com/@rojer/katex-mini/-/katex-mini-1.3.1.tgz",
      "integrity": "sha512-rWSkAPtwdSTqJWnZPeY+ExG+cgvV32LSGBfP2VCiSKbys9eJvQKpdCx/xOAby22zlUyjUt2w+be259uGa38e0A==",
      "peerDependencies": {
        "katex": "^0.16.0"
      }
    },
    "node_modules/commander": {
      "version": "8.3.0",
      "resolved": "https://registry.npmjs.org/commander/-/commander-8.3.0.tgz",
      "integrity": "sha512-OkTL9umf+He2DZkUq8f8J9of7yL6RJKI24dVITBmNfZBmri9zYZQrKkuXiKhyfPSu8tUhnVBB1iKXevvnlR4Ww==",
      "engines": {
        "node": ">= 12"
      }
    },
    "node_modules/katex": {
      "version": "0.16.22",
      "resolved": "https://registry.npmmirror.com/katex/-/katex-0.16.22.tgz",
      "integrity": "sha512-XCHRdUw4lf3SKBaJe4EvgqIuWwkPSo9XoeO8GjQW94Bp7TWv9hNhzZjZ+OH9yf1UmLygb7DIT5GSFQiyt16zYg==",
      "funding": [
        "https://opencollective.com/katex",
        "https://github.com/sponsors/katex"
      ],
      "dependencies": {
        "commander": "^8.3.0"
      },
      "bin": {
        "katex": "cli.js"
      }
    }
  },
  "dependencies": {
    "@rojer/katex-mini": {
      "version": "1.3.1",
      "resolved": "https://registry.npmmirror.com/@rojer/katex-mini/-/katex-mini-1.3.1.tgz",
      "integrity": "sha512-rWSkAPtwdSTqJWnZPeY+ExG+cgvV32LSGBfP2VCiSKbys9eJvQKpdCx/xOAby22zlUyjUt2w+be259uGa38e0A==",
      "requires": {}
    },
    "commander": {
      "version": "8.3.0",
      "resolved": "https://registry.npmjs.org/commander/-/commander-8.3.0.tgz",
      "integrity": "sha512-OkTL9umf+He2DZkUq8f8J9of7yL6RJKI24dVITBmNfZBmri9zYZQrKkuXiKhyfPSu8tUhnVBB1iKXevvnlR4Ww=="
    },
    "katex": {
      "version": "0.16.22",
      "resolved": "https://registry.npmmirror.com/katex/-/katex-0.16.22.tgz",
      "integrity": "sha512-XCHRdUw4lf3SKBaJe4EvgqIuWwkPSo9XoeO8GjQW94Bp7TWv9hNhzZjZ+OH9yf1UmLygb7DIT5GSFQiyt16zYg==",
      "requires": {
        "commander": "^8.3.0"
      }
    }
  }
}
